
Microsoft Visual Studio Solution File, Format Version 12.00
# Visual Studio Version 17
VisualStudioVersion = 17.6.33829.357
MinimumVisualStudioVersion = 10.0.40219.1
Project("{FAE04EC0-301F-11D3-BF4B-00C04F79EFBC}") = "POOIOC", "POOIOC\POOIOC.csproj", "{DB8EF7DF-B850-48F0-808C-FF12E2D34EB6}"
EndProject
Global
	GlobalSection(SolutionConfigurationPlatforms) = preSolution
		Debug|Any CPU = Debug|Any CPU
		Release|Any CPU = Release|Any CPU
	EndGlobalSection
	GlobalSection(ProjectConfigurationPlatforms) = postSolution
		{DB8EF7DF-B850-48F0-808C-FF12E2D34EB6}.Debug|Any CPU.ActiveCfg = Debug|Any CPU
		{DB8EF7DF-B850-48F0-808C-FF12E2D34EB6}.Debug|Any CPU.Build.0 = Debug|Any CPU
		{DB8EF7DF-B850-48F0-808C-FF12E2D34EB6}.Release|Any CPU.ActiveCfg = Release|Any CPU
		{DB8EF7DF-B850-48F0-808C-FF12E2D34EB6}.Release|Any CPU.Build.0 = Release|Any CPU
	EndGlobalSection
	GlobalSection(SolutionProperties) = preSolution
		HideSolutionNode = FALSE
	EndGlobalSection
	GlobalSection(ExtensibilityGlobals) = postSolution
		SolutionGuid = {8F10B03E-2800-4F9D-BC30-FE7EFD73DC24}
	EndGlobalSection
EndGlobal
